
Microsoft Visual Studio Solution File, Format Version 11.00
# Visual Studio 2010
Project("{FAE04EC0-301F-11D3-BF4B-00C04F79EFBC}") = "Eap.Control.MenuEx", "Eap.Control.MenuEx\Eap.Control.MenuEx.csproj", "{80A6EBDA-D5EB-4820-B518-CF5E2B106E17}"
EndProject
Global
	GlobalSection(SolutionConfigurationPlatforms) = preSolution
		Debug|Any CPU = Debug|Any CPU
		Release|Any CPU = Release|Any CPU
	EndGlobalSection
	GlobalSection(ProjectConfigurationPlatforms) = postSolution
		{80A6EBDA-D5EB-4820-B518-CF5E2B106E17}.Debug|Any CPU.ActiveCfg = Debug|Any CPU
		{80A6EBDA-D5EB-4820-B518-CF5E2B106E17}.Debug|Any CPU.Build.0 = Debug|Any CPU
		{80A6EBDA-D5EB-4820-B518-CF5E2B106E17}.Release|Any CPU.ActiveCfg = Release|Any CPU
		{80A6EBDA-D5EB-4820-B518-CF5E2B106E17}.Release|Any CPU.Build.0 = Release|Any CPU
	EndGlobalSection
	GlobalSection(SolutionProperties) = preSolution
		HideSolutionNode = FALSE
	EndGlobalSection
EndGlobal
