
Microsoft Visual Studio Solution File, Format Version 11.00
# Visual Studio 2010
Project("{FAE04EC0-301F-11D3-BF4B-00C04F79EFBC}") = "Eap.Control.DataGridViewEx", "Eap.Control.DataGridViewEx\Eap.Control.DataGridViewEx.csproj", "{0537221A-7289-417A-8482-E8FD92389152}"
EndProject
Global
	GlobalSection(SolutionConfigurationPlatforms) = preSolution
		Debug|Any CPU = Debug|Any CPU
		Release|Any CPU = Release|Any CPU
	EndGlobalSection
	GlobalSection(ProjectConfigurationPlatforms) = postSolution
		{0537221A-7289-417A-8482-E8FD92389152}.Debug|Any CPU.ActiveCfg = Debug|Any CPU
		{0537221A-7289-417A-8482-E8FD92389152}.Debug|Any CPU.Build.0 = Debug|Any CPU
		{0537221A-7289-417A-8482-E8FD92389152}.Release|Any CPU.ActiveCfg = Release|Any CPU
		{0537221A-7289-417A-8482-E8FD92389152}.Release|Any CPU.Build.0 = Release|Any CPU
	EndGlobalSection
	GlobalSection(SolutionProperties) = preSolution
		HideSolutionNode = FALSE
	EndGlobalSection
EndGlobal
